
Microsoft Visual Studio Solution File, Format Version 12.00
# Visual Studio Version 17
VisualStudioVersion = 17.0.31903.59
MinimumVisualStudioVersion = 10.0.40219.1
Project("{2150E333-8FDC-42A3-9474-1A3956D46DE8}") = "src", "src", "{827E0CD3-B72D-47B6-A68D-7590B98EB39B}"
EndProject
Project("{FAE04EC0-301F-11D3-BF4B-00C04F79EFBC}") = "NLWebNet", "src\NLWebNet\NLWebNet.csproj", "{1E458E72-D542-44BB-9F84-1EDE008FBB1D}"
EndProject
Project("{2150E333-8FDC-42A3-9474-1A3956D46DE8}") = "demo", "demo", "{A39C23D2-F2C0-258D-165A-CF1E7FEE6E7B}"
EndProject
Project("{FAE04EC0-301F-11D3-BF4B-00C04F79EFBC}") = "NLWebNet.Demo", "demo\NLWebNet.Demo.csproj", "{6F25FD99-AF67-4509-A46C-FCD450F6A775}"
EndProject
Project("{FAE04EC0-301F-11D3-BF4B-00C04F79EFBC}") = "NLWebNet.Demo.AppHost", "demo-apphost\NLWebNet.Demo.AppHost.csproj", "{B8F2A1E3-9CFA-4D1B-8B2E-1234567890AB}"
EndProject
Project("{2150E333-8FDC-42A3-9474-1A3956D46DE8}") = "shared", "shared", "{C4B5D6E7-8F9A-4B5C-9D8E-234567890ABC}"
EndProject
Project("{FAE04EC0-301F-11D3-BF4B-00C04F79EFBC}") = "ServiceDefaults", "shared\ServiceDefaults\ServiceDefaults.csproj", "{D5E6F7A8-9B0C-4D5E-8F9A-345678901BCD}"
EndProject
Project("{2150E333-8FDC-42A3-9474-1A3956D46DE8}") = "tests", "tests", "{0AB3BF05-4346-4AA6-1389-037BE0695223}"
EndProject
Project("{FAE04EC0-301F-11D3-BF4B-00C04F79EFBC}") = "NLWebNet.Tests", "tests\NLWebNet.Tests\NLWebNet.Tests.csproj", "{21F486B2-CB3A-4D61-8C1F-FBCE3CA48CFE}"
EndProject
Global
	GlobalSection(SolutionConfigurationPlatforms) = preSolution
		Debug|Any CPU = Debug|Any CPU
		Debug|x64 = Debug|x64
		Debug|x86 = Debug|x86
		Release|Any CPU = Release|Any CPU
		Release|x64 = Release|x64
		Release|x86 = Release|x86
	EndGlobalSection
	GlobalSection(ProjectConfigurationPlatforms) = postSolution
		{1E458E72-D542-44BB-9F84-1EDE008FBB1D}.Debug|Any CPU.ActiveCfg = Debug|Any CPU
		{1E458E72-D542-44BB-9F84-1EDE008FBB1D}.Debug|Any CPU.Build.0 = Debug|Any CPU
		{1E458E72-D542-44BB-9F84-1EDE008FBB1D}.Debug|x64.ActiveCfg = Debug|Any CPU
		{1E458E72-D542-44BB-9F84-1EDE008FBB1D}.Debug|x64.Build.0 = Debug|Any CPU
		{1E458E72-D542-44BB-9F84-1EDE008FBB1D}.Debug|x86.ActiveCfg = Debug|Any CPU
		{1E458E72-D542-44BB-9F84-1EDE008FBB1D}.Debug|x86.Build.0 = Debug|Any CPU
		{1E458E72-D542-44BB-9F84-1EDE008FBB1D}.Release|Any CPU.ActiveCfg = Release|Any CPU
		{1E458E72-D542-44BB-9F84-1EDE008FBB1D}.Release|Any CPU.Build.0 = Release|Any CPU
		{1E458E72-D542-44BB-9F84-1EDE008FBB1D}.Release|x64.ActiveCfg = Release|Any CPU
		{1E458E72-D542-44BB-9F84-1EDE008FBB1D}.Release|x64.Build.0 = Release|Any CPU
		{1E458E72-D542-44BB-9F84-1EDE008FBB1D}.Release|x86.ActiveCfg = Release|Any CPU
		{1E458E72-D542-44BB-9F84-1EDE008FBB1D}.Release|x86.Build.0 = Release|Any CPU
		{6F25FD99-AF67-4509-A46C-FCD450F6A775}.Debug|Any CPU.ActiveCfg = Debug|Any CPU
		{6F25FD99-AF67-4509-A46C-FCD450F6A775}.Debug|Any CPU.Build.0 = Debug|Any CPU
		{6F25FD99-AF67-4509-A46C-FCD450F6A775}.Debug|x64.ActiveCfg = Debug|Any CPU
		{6F25FD99-AF67-4509-A46C-FCD450F6A775}.Debug|x64.Build.0 = Debug|Any CPU
		{6F25FD99-AF67-4509-A46C-FCD450F6A775}.Debug|x86.ActiveCfg = Debug|Any CPU
		{6F25FD99-AF67-4509-A46C-FCD450F6A775}.Debug|x86.Build.0 = Debug|Any CPU
		{6F25FD99-AF67-4509-A46C-FCD450F6A775}.Release|Any CPU.ActiveCfg = Release|Any CPU
		{6F25FD99-AF67-4509-A46C-FCD450F6A775}.Release|Any CPU.Build.0 = Release|Any CPU
		{6F25FD99-AF67-4509-A46C-FCD450F6A775}.Release|x64.ActiveCfg = Release|Any CPU
		{6F25FD99-AF67-4509-A46C-FCD450F6A775}.Release|x64.Build.0 = Release|Any CPU
		{6F25FD99-AF67-4509-A46C-FCD450F6A775}.Release|x86.ActiveCfg = Release|Any CPU
		{6F25FD99-AF67-4509-A46C-FCD450F6A775}.Release|x86.Build.0 = Release|Any CPU
		{B8F2A1E3-9CFA-4D1B-8B2E-1234567890AB}.Debug|Any CPU.ActiveCfg = Debug|Any CPU
		{B8F2A1E3-9CFA-4D1B-8B2E-1234567890AB}.Debug|Any CPU.Build.0 = Debug|Any CPU
		{B8F2A1E3-9CFA-4D1B-8B2E-1234567890AB}.Debug|x64.ActiveCfg = Debug|Any CPU
		{B8F2A1E3-9CFA-4D1B-8B2E-1234567890AB}.Debug|x64.Build.0 = Debug|Any CPU
		{B8F2A1E3-9CFA-4D1B-8B2E-1234567890AB}.Debug|x86.ActiveCfg = Debug|Any CPU
		{B8F2A1E3-9CFA-4D1B-8B2E-1234567890AB}.Debug|x86.Build.0 = Debug|Any CPU
		{B8F2A1E3-9CFA-4D1B-8B2E-1234567890AB}.Release|Any CPU.ActiveCfg = Release|Any CPU
		{B8F2A1E3-9CFA-4D1B-8B2E-1234567890AB}.Release|Any CPU.Build.0 = Release|Any CPU
		{B8F2A1E3-9CFA-4D1B-8B2E-1234567890AB}.Release|x64.ActiveCfg = Release|Any CPU
		{B8F2A1E3-9CFA-4D1B-8B2E-1234567890AB}.Release|x64.Build.0 = Release|Any CPU
		{B8F2A1E3-9CFA-4D1B-8B2E-1234567890AB}.Release|x86.ActiveCfg = Release|Any CPU
		{B8F2A1E3-9CFA-4D1B-8B2E-1234567890AB}.Release|x86.Build.0 = Release|Any CPU
		{D5E6F7A8-9B0C-4D5E-8F9A-345678901BCD}.Debug|Any CPU.ActiveCfg = Debug|Any CPU
		{D5E6F7A8-9B0C-4D5E-8F9A-345678901BCD}.Debug|Any CPU.Build.0 = Debug|Any CPU
		{D5E6F7A8-9B0C-4D5E-8F9A-345678901BCD}.Debug|x64.ActiveCfg = Debug|Any CPU
		{D5E6F7A8-9B0C-4D5E-8F9A-345678901BCD}.Debug|x64.Build.0 = Debug|Any CPU
		{D5E6F7A8-9B0C-4D5E-8F9A-345678901BCD}.Debug|x86.ActiveCfg = Debug|Any CPU
		{D5E6F7A8-9B0C-4D5E-8F9A-345678901BCD}.Debug|x86.Build.0 = Debug|Any CPU
		{D5E6F7A8-9B0C-4D5E-8F9A-345678901BCD}.Release|Any CPU.ActiveCfg = Release|Any CPU
		{D5E6F7A8-9B0C-4D5E-8F9A-345678901BCD}.Release|Any CPU.Build.0 = Release|Any CPU
		{D5E6F7A8-9B0C-4D5E-8F9A-345678901BCD}.Release|x64.ActiveCfg = Release|Any CPU
		{D5E6F7A8-9B0C-4D5E-8F9A-345678901BCD}.Release|x64.Build.0 = Release|Any CPU
		{D5E6F7A8-9B0C-4D5E-8F9A-345678901BCD}.Release|x86.ActiveCfg = Release|Any CPU
		{D5E6F7A8-9B0C-4D5E-8F9A-345678901BCD}.Release|x86.Build.0 = Release|Any CPU
		{21F486B2-CB3A-4D61-8C1F-FBCE3CA48CFE}.Debug|Any CPU.ActiveCfg = Debug|Any CPU
		{21F486B2-CB3A-4D61-8C1F-FBCE3CA48CFE}.Debug|Any CPU.Build.0 = Debug|Any CPU
		{21F486B2-CB3A-4D61-8C1F-FBCE3CA48CFE}.Debug|x64.ActiveCfg = Debug|Any CPU
		{21F486B2-CB3A-4D61-8C1F-FBCE3CA48CFE}.Debug|x64.Build.0 = Debug|Any CPU
		{21F486B2-CB3A-4D61-8C1F-FBCE3CA48CFE}.Debug|x86.ActiveCfg = Debug|Any CPU
		{21F486B2-CB3A-4D61-8C1F-FBCE3CA48CFE}.Debug|x86.Build.0 = Debug|Any CPU
		{21F486B2-CB3A-4D61-8C1F-FBCE3CA48CFE}.Release|Any CPU.ActiveCfg = Release|Any CPU
		{21F486B2-CB3A-4D61-8C1F-FBCE3CA48CFE}.Release|Any CPU.Build.0 = Release|Any CPU
		{21F486B2-CB3A-4D61-8C1F-FBCE3CA48CFE}.Release|x64.ActiveCfg = Release|Any CPU
		{21F486B2-CB3A-4D61-8C1F-FBCE3CA48CFE}.Release|x64.Build.0 = Release|Any CPU
		{21F486B2-CB3A-4D61-8C1F-FBCE3CA48CFE}.Release|x86.ActiveCfg = Release|Any CPU
		{21F486B2-CB3A-4D61-8C1F-FBCE3CA48CFE}.Release|x86.Build.0 = Release|Any CPU
	EndGlobalSection
	GlobalSection(SolutionProperties) = preSolution
		HideSolutionNode = FALSE
	EndGlobalSection
	GlobalSection(NestedProjects) = preSolution
		{1E458E72-D542-44BB-9F84-1EDE008FBB1D} = {827E0CD3-B72D-47B6-A68D-7590B98EB39B}
		{6F25FD99-AF67-4509-A46C-FCD450F6A775} = {A39C23D2-F2C0-258D-165A-CF1E7FEE6E7B}
		{B8F2A1E3-9CFA-4D1B-8B2E-1234567890AB} = {A39C23D2-F2C0-258D-165A-CF1E7FEE6E7B}
		{21F486B2-CB3A-4D61-8C1F-FBCE3CA48CFE} = {0AB3BF05-4346-4AA6-1389-037BE0695223}
		{D5E6F7A8-9B0C-4D5E-8F9A-345678901BCD} = {C4B5D6E7-8F9A-4B5C-9D8E-234567890ABC}
	EndGlobalSection
EndGlobal
